
Microsoft Visual Studio Solution File, Format Version 12.00
# Visual Studio Version 16
VisualStudioVersion = 16.0.31729.503
MinimumVisualStudioVersion = 10.0.40219.1
Project("{FAE04EC0-301F-11D3-BF4B-00C04F79EFBC}") = "Multiplication", "Multiplication\Multiplication.csproj", "{3053B9A1-9738-48F0-9330-4AEF0450DBA3}"
EndProject
Global
	GlobalSection(SolutionConfigurationPlatforms) = preSolution
		Debug|Any CPU = Debug|Any CPU
		Release|Any CPU = Release|Any CPU
	EndGlobalSection
	GlobalSection(ProjectConfigurationPlatforms) = postSolution
		{3053B9A1-9738-48F0-9330-4AEF0450DBA3}.Debug|Any CPU.ActiveCfg = Debug|Any CPU
		{3053B9A1-9738-48F0-9330-4AEF0450DBA3}.Debug|Any CPU.Build.0 = Debug|Any CPU
		{3053B9A1-9738-48F0-9330-4AEF0450DBA3}.Release|Any CPU.ActiveCfg = Release|Any CPU
		{3053B9A1-9738-48F0-9330-4AEF0450DBA3}.Release|Any CPU.Build.0 = Release|Any CPU
	EndGlobalSection
	GlobalSection(SolutionProperties) = preSolution
		HideSolutionNode = FALSE
	EndGlobalSection
	GlobalSection(ExtensibilityGlobals) = postSolution
		SolutionGuid = {ABB92DE9-32C7-4436-AE73-61571FBECF38}
	EndGlobalSection
EndGlobal
